
Microsoft Visual Studio Solution File, Format Version 12.00
# Visual Studio Version 16
VisualStudioVersion = 16.0.30503.244
MinimumVisualStudioVersion = 10.0.40219.1
Project("{FAE04EC0-301F-11D3-BF4B-00C04F79EFBC}") = "AntiCheatScoreCalculator", "AntiCheatScoreCalculator\AntiCheatScoreCalculator.csproj", "{B0473DB8-41C5-4CA4-BF2F-2CC3E800C360}"
EndProject
Global
	GlobalSection(SolutionConfigurationPlatforms) = preSolution
		Debug|Any CPU = Debug|Any CPU
		Release|Any CPU = Release|Any CPU
	EndGlobalSection
	GlobalSection(ProjectConfigurationPlatforms) = postSolution
		{B0473DB8-41C5-4CA4-BF2F-2CC3E800C360}.Debug|Any CPU.ActiveCfg = Debug|Any CPU
		{B0473DB8-41C5-4CA4-BF2F-2CC3E800C360}.Debug|Any CPU.Build.0 = Debug|Any CPU
		{B0473DB8-41C5-4CA4-BF2F-2CC3E800C360}.Release|Any CPU.ActiveCfg = Release|Any CPU
		{B0473DB8-41C5-4CA4-BF2F-2CC3E800C360}.Release|Any CPU.Build.0 = Release|Any CPU
	EndGlobalSection
	GlobalSection(SolutionProperties) = preSolution
		HideSolutionNode = FALSE
	EndGlobalSection
	GlobalSection(ExtensibilityGlobals) = postSolution
		SolutionGuid = {5740B6DB-1F9A-4B57-91C7-0219568CA5DE}
	EndGlobalSection
EndGlobal
